// !$*UTF8*$!
{
	archiveVersion = 1;
	classes = {
	};
	objectVersion = 56;
	objects = {

/* Begin PBXBuildFile section */
		4015F95A29A6C1CF00D3DE83 /* PhotoCell.swift in Sources */ = {isa = PBXBuildFile; fileRef = 4015F95929A6C1CF00D3DE83 /* PhotoCell.swift */; };
		4015F95C29AC38F300D3DE83 /* FavoritesController.swift in Sources */ = {isa = PBXBuildFile; fileRef = 4015F95B29AC38F300D3DE83 /* FavoritesController.swift */; };
		4015F96029AC398900D3DE83 /* TabBarController.swift in Sources */ = {isa = PBXBuildFile; fileRef = 4015F95F29AC398900D3DE83 /* TabBarController.swift */; };
		40B6F2B72993EBF200D5ABAF /* AppDelegate.swift in Sources */ = {isa = PBXBuildFile; fileRef = 40B6F2B62993EBF200D5ABAF /* AppDelegate.swift */; };
		40B6F2B92993EBF200D5ABAF /* SceneDelegate.swift in Sources */ = {isa = PBXBuildFile; fileRef = 40B6F2B82993EBF200D5ABAF /* SceneDelegate.swift */; };
		40B6F2BB2993EBF200D5ABAF /* PhotoSearchController.swift in Sources */ = {isa = PBXBuildFile; fileRef = 40B6F2BA2993EBF200D5ABAF /* PhotoSearchController.swift */; };
		40B6F2BE2993EBF200D5ABAF /* Main.storyboard in Resources */ = {isa = PBXBuildFile; fileRef = 40B6F2BC2993EBF200D5ABAF /* Main.storyboard */; };
		40B6F2C02993EBF300D5ABAF /* Assets.xcassets in Resources */ = {isa = PBXBuildFile; fileRef = 40B6F2BF2993EBF300D5ABAF /* Assets.xcassets */; };
		40B6F2C32993EBF300D5ABAF /* LaunchScreen.storyboard in Resources */ = {isa = PBXBuildFile; fileRef = 40B6F2C12993EBF300D5ABAF /* LaunchScreen.storyboard */; };
		40B6F2CD2993EC6F00D5ABAF /* NetworkHelper.swift in Sources */ = {isa = PBXBuildFile; fileRef = 40B6F2CC2993EC6F00D5ABAF /* NetworkHelper.swift */; };
		40B6F2CF2993EC8E00D5ABAF /* AppError.swift in Sources */ = {isa = PBXBuildFile; fileRef = 40B6F2CE2993EC8E00D5ABAF /* AppError.swift */; };
		40B6F2D22993ECB600D5ABAF /* DataPersistence.swift in Sources */ = {isa = PBXBuildFile; fileRef = 40B6F2D12993ECB600D5ABAF /* DataPersistence.swift */; };
		40B6F2D52993ED0500D5ABAF /* Photo.swift in Sources */ = {isa = PBXBuildFile; fileRef = 40B6F2D42993ED0500D5ABAF /* Photo.swift */; };
		40B6F2D72993ED2200D5ABAF /* FileManager Extension.swift in Sources */ = {isa = PBXBuildFile; fileRef = 40B6F2D62993ED2200D5ABAF /* FileManager Extension.swift */; };
		40B6F2DA2993ED7F00D5ABAF /* UIImage.swift in Sources */ = {isa = PBXBuildFile; fileRef = 40B6F2D92993ED7F00D5ABAF /* UIImage.swift */; };
		40B6F2DC2993EE2400D5ABAF /* PhotAPIClient.swift in Sources */ = {isa = PBXBuildFile; fileRef = 40B6F2DB2993EE2400D5ABAF /* PhotAPIClient.swift */; };
/* End PBXBuildFile section */

/* Begin PBXFileReference section */
		4015F95929A6C1CF00D3DE83 /* PhotoCell.swift */ = {isa = PBXFileReference; lastKnownFileType = sourcecode.swift; path = PhotoCell.swift; sourceTree = "<group>"; };
		4015F95B29AC38F300D3DE83 /* FavoritesController.swift */ = {isa = PBXFileReference; lastKnownFileType = sourcecode.swift; path = FavoritesController.swift; sourceTree = "<group>"; };
		4015F95F29AC398900D3DE83 /* TabBarController.swift */ = {isa = PBXFileReference; lastKnownFileType = sourcecode.swift; path = TabBarController.swift; sourceTree = "<group>"; };
		40B6F2B32993EBF200D5ABAF /* PixabyPhotoSearch.app */ = {isa = PBXFileReference; explicitFileType = wrapper.application; includeInIndex = 0; path = PixabyPhotoSearch.app; sourceTree = BUILT_PRODUCTS_DIR; };
		40B6F2B62993EBF200D5ABAF /* AppDelegate.swift */ = {isa = PBXFileReference; lastKnownFileType = sourcecode.swift; path = AppDelegate.swift; sourceTree = "<group>"; };
		40B6F2B82993EBF200D5ABAF /* SceneDelegate.swift */ = {isa = PBXFileReference; lastKnownFileType = sourcecode.swift; path = SceneDelegate.swift; sourceTree = "<group>"; };
		40B6F2BA2993EBF200D5ABAF /* PhotoSearchController.swift */ = {isa = PBXFileReference; lastKnownFileType = sourcecode.swift; path = PhotoSearchController.swift; sourceTree = "<group>"; };
		40B6F2BD2993EBF200D5ABAF /* Base */ = {isa = PBXFileReference; lastKnownFileType = file.storyboard; name = Base; path = Base.lproj/Main.storyboard; sourceTree = "<group>"; };
		40B6F2BF2993EBF300D5ABAF /* Assets.xcassets */ = {isa = PBXFileReference; lastKnownFileType = folder.assetcatalog; path = Assets.xcassets; sourceTree = "<group>"; };
		40B6F2C22993EBF300D5ABAF /* Base */ = {isa = PBXFileReference; lastKnownFileType = file.storyboard; name = Base; path = Base.lproj/LaunchScreen.storyboard; sourceTree = "<group>"; };
		40B6F2C42993EBF300D5ABAF /* Info.plist */ = {isa = PBXFileReference; lastKnownFileType = text.plist.xml; path = Info.plist; sourceTree = "<group>"; };
		40B6F2CC2993EC6F00D5ABAF /* NetworkHelper.swift */ = {isa = PBXFileReference; lastKnownFileType = sourcecode.swift; path = NetworkHelper.swift; sourceTree = "<group>"; };
		40B6F2CE2993EC8E00D5ABAF /* AppError.swift */ = {isa = PBXFileReference; lastKnownFileType = sourcecode.swift; path = AppError.swift; sourceTree = "<group>"; };
		40B6F2D12993ECB600D5ABAF /* DataPersistence.swift */ = {isa = PBXFileReference; lastKnownFileType = sourcecode.swift; path = DataPersistence.swift; sourceTree = "<group>"; };
		40B6F2D42993ED0500D5ABAF /* Photo.swift */ = {isa = PBXFileReference; lastKnownFileType = sourcecode.swift; path = Photo.swift; sourceTree = "<group>"; };
		40B6F2D62993ED2200D5ABAF /* FileManager Extension.swift */ = {isa = PBXFileReference; lastKnownFileType = sourcecode.swift; path = "FileManager Extension.swift"; sourceTree = "<group>"; };
		40B6F2D92993ED7F00D5ABAF /* UIImage.swift */ = {isa = PBXFileReference; lastKnownFileType = sourcecode.swift; path = UIImage.swift; sourceTree = "<group>"; };
		40B6F2DB2993EE2400D5ABAF /* PhotAPIClient.swift */ = {isa = PBXFileReference; lastKnownFileType = sourcecode.swift; path = PhotAPIClient.swift; sourceTree = "<group>"; };
/* End PBXFileReference section */

/* Begin PBXFrameworksBuildPhase section */
		40B6F2B02993EBF200D5ABAF /* Frameworks */ = {
			isa = PBXFrameworksBuildPhase;
			buildActionMask = 2147483647;
			files = (
			);
			runOnlyForDeploymentPostprocessing = 0;
		};
/* End PBXFrameworksBuildPhase section */

/* Begin PBXGroup section */
		40B6F2AA2993EBF200D5ABAF = {
			isa = PBXGroup;
			children = (
				40B6F2B52993EBF200D5ABAF /* PixabyPhotoSearch */,
				40B6F2B42993EBF200D5ABAF /* Products */,
			);
			sourceTree = "<group>";
		};
		40B6F2B42993EBF200D5ABAF /* Products */ = {
			isa = PBXGroup;
			children = (
				40B6F2B32993EBF200D5ABAF /* PixabyPhotoSearch.app */,
			);
			name = Products;
			sourceTree = "<group>";
		};
		40B6F2B52993EBF200D5ABAF /* PixabyPhotoSearch */ = {
			isa = PBXGroup;
			children = (
				40B6F2D82993ED7600D5ABAF /* Extensions */,
				40B6F2D32993ECFD00D5ABAF /* Models */,
				40B6F2D02993ECA900D5ABAF /* Persistence  */,
				40B6F2CB2993EC6100D5ABAF /* NetworkServices */,
				40B6F2DD2993EE5C00D5ABAF /* Supporting */,
				40B6F2DE2993EE6500D5ABAF /* Controllers */,
				40B6F2C42993EBF300D5ABAF /* Info.plist */,
			);
			path = PixabyPhotoSearch;
			sourceTree = "<group>";
		};
		40B6F2CB2993EC6100D5ABAF /* NetworkServices */ = {
			isa = PBXGroup;
			children = (
				40B6F2CC2993EC6F00D5ABAF /* NetworkHelper.swift */,
				40B6F2DB2993EE2400D5ABAF /* PhotAPIClient.swift */,
				40B6F2CE2993EC8E00D5ABAF /* AppError.swift */,
			);
			path = NetworkServices;
			sourceTree = "<group>";
		};
		40B6F2D02993ECA900D5ABAF /* Persistence  */ = {
			isa = PBXGroup;
			children = (
				40B6F2D12993ECB600D5ABAF /* DataPersistence.swift */,
				40B6F2D62993ED2200D5ABAF /* FileManager Extension.swift */,
			);
			path = "Persistence ";
			sourceTree = "<group>";
		};
		40B6F2D32993ECFD00D5ABAF /* Models */ = {
			isa = PBXGroup;
			children = (
				40B6F2D42993ED0500D5ABAF /* Photo.swift */,
				4015F95929A6C1CF00D3DE83 /* PhotoCell.swift */,
			);
			path = Models;
			sourceTree = "<group>";
		};
		40B6F2D82993ED7600D5ABAF /* Extensions */ = {
			isa = PBXGroup;
			children = (
				40B6F2D92993ED7F00D5ABAF /* UIImage.swift */,
			);
			path = Extensions;
			sourceTree = "<group>";
		};
		40B6F2DD2993EE5C00D5ABAF /* Supporting */ = {
			isa = PBXGroup;
			children = (
				40B6F2B62993EBF200D5ABAF /* AppDelegate.swift */,
				40B6F2B82993EBF200D5ABAF /* SceneDelegate.swift */,
				40B6F2BC2993EBF200D5ABAF /* Main.storyboard */,
				40B6F2BF2993EBF300D5ABAF /* Assets.xcassets */,
				40B6F2C12993EBF300D5ABAF /* LaunchScreen.storyboard */,
			);
			path = Supporting;
			sourceTree = "<group>";
		};
		40B6F2DE2993EE6500D5ABAF /* Controllers */ = {
			isa = PBXGroup;
			children = (
				40B6F2BA2993EBF200D5ABAF /* PhotoSearchController.swift */,
				4015F95F29AC398900D3DE83 /* TabBarController.swift */,
				4015F95B29AC38F300D3DE83 /* FavoritesController.swift */,
			);
			path = Controllers;
			sourceTree = "<group>";
		};
/* End PBXGroup section */

/* Begin PBXNativeTarget section */
		40B6F2B22993EBF200D5ABAF /* PixabyPhotoSearch */ = {
			isa = PBXNativeTarget;
			buildConfigurationList = 40B6F2C72993EBF300D5ABAF /* Build configuration list for PBXNativeTarget "PixabyPhotoSearch" */;
			buildPhases = (
				40B6F2AF2993EBF200D5ABAF /* Sources */,
				40B6F2B02993EBF200D5ABAF /* Frameworks */,
				40B6F2B12993EBF200D5ABAF /* Resources */,
			);
			buildRules = (
			);
			dependencies = (
			);
			name = PixabyPhotoSearch;
			productName = PixabyPhotoSearch;
			productReference = 40B6F2B32993EBF200D5ABAF /* PixabyPhotoSearch.app */;
			productType = "com.apple.product-type.application";
		};
/* End PBXNativeTarget section */

/* Begin PBXProject section */
		40B6F2AB2993EBF200D5ABAF /* Project object */ = {
			isa = PBXProject;
			attributes = {
				BuildIndependentTargetsInParallel = 1;
				LastSwiftUpdateCheck = 1420;
				LastUpgradeCheck = 1420;
				TargetAttributes = {
					40B6F2B22993EBF200D5ABAF = {
						CreatedOnToolsVersion = 14.2;
					};
				};
			};
			buildConfigurationList = 40B6F2AE2993EBF200D5ABAF /* Build configuration list for PBXProject "PixabyPhotoSearch" */;
			compatibilityVersion = "Xcode 14.0";
			developmentRegion = en;
			hasScannedForEncodings = 0;
			knownRegions = (
				en,
				Base,
			);
			mainGroup = 40B6F2AA2993EBF200D5ABAF;
			productRefGroup = 40B6F2B42993EBF200D5ABAF /* Products */;
			projectDirPath = "";
			projectRoot = "";
			targets = (
				40B6F2B22993EBF200D5ABAF /* PixabyPhotoSearch */,
			);
		};
/* End PBXProject section */

/* Begin PBXResourcesBuildPhase section */
		40B6F2B12993EBF200D5ABAF /* Resources */ = {
			isa = PBXResourcesBuildPhase;
			buildActionMask = 2147483647;
			files = (
				40B6F2C32993EBF300D5ABAF /* LaunchScreen.storyboard in Resources */,
				40B6F2C02993EBF300D5ABAF /* Assets.xcassets in Resources */,
				40B6F2BE2993EBF200D5ABAF /* Main.storyboard in Resources */,
			);
			runOnlyForDeploymentPostprocessing = 0;
		};
/* End PBXResourcesBuildPhase section */

/* Begin PBXSourcesBuildPhase section */
		40B6F2AF2993EBF200D5ABAF /* Sources */ = {
			isa = PBXSourcesBuildPhase;
			buildActionMask = 2147483647;
			files = (
				40B6F2D52993ED0500D5ABAF /* Photo.swift in Sources */,
				40B6F2CD2993EC6F00D5ABAF /* NetworkHelper.swift in Sources */,
				40B6F2DC2993EE2400D5ABAF /* PhotAPIClient.swift in Sources */,
				40B6F2BB2993EBF200D5ABAF /* PhotoSearchController.swift in Sources */,
				40B6F2CF2993EC8E00D5ABAF /* AppError.swift in Sources */,
				40B6F2D22993ECB600D5ABAF /* DataPersistence.swift in Sources */,
				40B6F2B72993EBF200D5ABAF /* AppDelegate.swift in Sources */,
				40B6F2DA2993ED7F00D5ABAF /* UIImage.swift in Sources */,
				40B6F2D72993ED2200D5ABAF /* FileManager Extension.swift in Sources */,
				4015F95A29A6C1CF00D3DE83 /* PhotoCell.swift in Sources */,
				4015F96029AC398900D3DE83 /* TabBarController.swift in Sources */,
				40B6F2B92993EBF200D5ABAF /* SceneDelegate.swift in Sources */,
				4015F95C29AC38F300D3DE83 /* FavoritesController.swift in Sources */,
			);
			runOnlyForDeploymentPostprocessing = 0;
		};
/* End PBXSourcesBuildPhase section */

/* Begin PBXVariantGroup section */
		40B6F2BC2993EBF200D5ABAF /* Main.storyboard */ = {
			isa = PBXVariantGroup;
			children = (
				40B6F2BD2993EBF200D5ABAF /* Base */,
			);
			name = Main.storyboard;
			sourceTree = "<group>";
		};
		40B6F2C12993EBF300D5ABAF /* LaunchScreen.storyboard */ = {
			isa = PBXVariantGroup;
			children = (
				40B6F2C22993EBF300D5ABAF /* Base */,
			);
			name = LaunchScreen.storyboard;
			sourceTree = "<group>";
		};
/* End PBXVariantGroup section */

/* Begin XCBuildConfiguration section */
		40B6F2C52993EBF300D5ABAF /* Debug */ = {
			isa = XCBuildConfiguration;
			buildSettings = {
				ALWAYS_SEARCH_USER_PATHS = NO;
				CLANG_ANALYZER_NONNULL = YES;
				CLANG_ANALYZER_NUMBER_OBJECT_CONVERSION = YES_AGGRESSIVE;
				CLANG_CXX_LANGUAGE_STANDARD = "gnu++20";
				CLANG_ENABLE_MODULES = YES;
				CLANG_ENABLE_OBJC_ARC = YES;
				CLANG_ENABLE_OBJC_WEAK = YES;
				CLANG_WARN_BLOCK_CAPTURE_AUTORELEASING = YES;
				CLANG_WARN_BOOL_CONVERSION = YES;
				CLANG_WARN_COMMA = YES;
				CLANG_WARN_CONSTANT_CONVERSION = YES;
				CLANG_WARN_DEPRECATED_OBJC_IMPLEMENTATIONS = YES;
				CLANG_WARN_DIRECT_OBJC_ISA_USAGE = YES_ERROR;
				CLANG_WARN_DOCUMENTATION_COMMENTS = YES;
				CLANG_WARN_EMPTY_BODY = YES;
				CLANG_WARN_ENUM_CONVERSION = YES;
				CLANG_WARN_INFINITE_RECURSION = YES;
				CLANG_WARN_INT_CONVERSION = YES;
				CLANG_WARN_NON_LITERAL_NULL_CONVERSION = YES;
				CLANG_WARN_OBJC_IMPLICIT_RETAIN_SELF = YES;
				CLANG_WARN_OBJC_LITERAL_CONVERSION = YES;
				CLANG_WARN_OBJC_ROOT_CLASS = YES_ERROR;
				CLANG_WARN_QUOTED_INCLUDE_IN_FRAMEWORK_HEADER = YES;
				CLANG_WARN_RANGE_LOOP_ANALYSIS = YES;
				CLANG_WARN_STRICT_PROTOTYPES = YES;
				CLANG_WARN_SUSPICIOUS_MOVE = YES;
				CLANG_WARN_UNGUARDED_AVAILABILITY = YES_AGGRESSIVE;
				CLANG_WARN_UNREACHABLE_CODE = YES;
				CLANG_WARN__DUPLICATE_METHOD_MATCH = YES;
				COPY_PHASE_STRIP = NO;
				DEBUG_INFORMATION_FORMAT = dwarf;
				ENABLE_STRICT_OBJC_MSGSEND = YES;
				ENABLE_TESTABILITY = YES;
				GCC_C_LANGUAGE_STANDARD = gnu11;
				GCC_DYNAMIC_NO_PIC = NO;
				GCC_NO_COMMON_BLOCKS = YES;
				GCC_OPTIMIZATION_LEVEL = 0;
				GCC_PREPROCESSOR_DEFINITIONS = (
					"DEBUG=1",
					"$(inherited)",
				);
				GCC_WARN_64_TO_32_BIT_CONVERSION = YES;
				GCC_WARN_ABOUT_RETURN_TYPE = YES_ERROR;
				GCC_WARN_UNDECLARED_SELECTOR = YES;
				GCC_WARN_UNINITIALIZED_AUTOS = YES_AGGRESSIVE;
				GCC_WARN_UNUSED_FUNCTION = YES;
				GCC_WARN_UNUSED_VARIABLE = YES;
				IPHONEOS_DEPLOYMENT_TARGET = 16.2;
				MTL_ENABLE_DEBUG_INFO = INCLUDE_SOURCE;
				MTL_FAST_MATH = YES;
				ONLY_ACTIVE_ARCH = YES;
				SDKROOT = iphoneos;
				SWIFT_ACTIVE_COMPILATION_CONDITIONS = DEBUG;
				SWIFT_OPTIMIZATION_LEVEL = "-Onone";
			};
			name = Debug;
		};
		40B6F2C62993EBF300D5ABAF /* Release */ = {
			isa = XCBuildConfiguration;
			buildSettings = {
				ALWAYS_SEARCH_USER_PATHS = NO;
				CLANG_ANALYZER_NONNULL = YES;
				CLANG_ANALYZER_NUMBER_OBJECT_CONVERSION = YES_AGGRESSIVE;
				CLANG_CXX_LANGUAGE_STANDARD = "gnu++20";
				CLANG_ENABLE_MODULES = YES;
				CLANG_ENABLE_OBJC_ARC = YES;
				CLANG_ENABLE_OBJC_WEAK = YES;
				CLANG_WARN_BLOCK_CAPTURE_AUTORELEASING = YES;
				CLANG_WARN_BOOL_CONVERSION = YES;
				CLANG_WARN_COMMA = YES;
				CLANG_WARN_CONSTANT_CONVERSION = YES;
				CLANG_WARN_DEPRECATED_OBJC_IMPLEMENTATIONS = YES;
				CLANG_WARN_DIRECT_OBJC_ISA_USAGE = YES_ERROR;
				CLANG_WARN_DOCUMENTATION_COMMENTS = YES;
				CLANG_WARN_EMPTY_BODY = YES;
				CLANG_WARN_ENUM_CONVERSION = YES;
				CLANG_WARN_INFINITE_RECURSION = YES;
				CLANG_WARN_INT_CONVERSION = YES;
				CLANG_WARN_NON_LITERAL_NULL_CONVERSION = YES;
				CLANG_WARN_OBJC_IMPLICIT_RETAIN_SELF = YES;
				CLANG_WARN_OBJC_LITERAL_CONVERSION = YES;
				CLANG_WARN_OBJC_ROOT_CLASS = YES_ERROR;
				CLANG_WARN_QUOTED_INCLUDE_IN_FRAMEWORK_HEADER = YES;
				CLANG_WARN_RANGE_LOOP_ANALYSIS = YES;
				CLANG_WARN_STRICT_PROTOTYPES = YES;
				CLANG_WARN_SUSPICIOUS_MOVE = YES;
				CLANG_WARN_UNGUARDED_AVAILABILITY = YES_AGGRESSIVE;
				CLANG_WARN_UNREACHABLE_CODE = YES;
				CLANG_WARN__DUPLICATE_METHOD_MATCH = YES;
				COPY_PHASE_STRIP = NO;
				DEBUG_INFORMATION_FORMAT = "dwarf-with-dsym";
				ENABLE_NS_ASSERTIONS = NO;
				ENABLE_STRICT_OBJC_MSGSEND = YES;
				GCC_C_LANGUAGE_STANDARD = gnu11;
				GCC_NO_COMMON_BLOCKS = YES;
				GCC_WARN_64_TO_32_BIT_CONVERSION = YES;
				GCC_WARN_ABOUT_RETURN_TYPE = YES_ERROR;
				GCC_WARN_UNDECLARED_SELECTOR = YES;
				GCC_WARN_UNINITIALIZED_AUTOS = YES_AGGRESSIVE;
				GCC_WARN_UNUSED_FUNCTION = YES;
				GCC_WARN_UNUSED_VARIABLE = YES;
				IPHONEOS_DEPLOYMENT_TARGET = 16.2;
				MTL_ENABLE_DEBUG_INFO = NO;
				MTL_FAST_MATH = YES;
				SDKROOT = iphoneos;
				SWIFT_COMPILATION_MODE = wholemodule;
				SWIFT_OPTIMIZATION_LEVEL = "-O";
				VALIDATE_PRODUCT = YES;
			};
			name = Release;
		};
		40B6F2C82993EBF300D5ABAF /* Debug */ = {
			isa = XCBuildConfiguration;
			buildSettings = {
				ASSETCATALOG_COMPILER_APPICON_NAME = AppIcon;
				ASSETCATALOG_COMPILER_GLOBAL_ACCENT_COLOR_NAME = AccentColor;
				CODE_SIGN_STYLE = Automatic;
				CURRENT_PROJECT_VERSION = 1;
				DEVELOPMENT_TEAM = V23Z3P8TP3;
				GENERATE_INFOPLIST_FILE = YES;
				INFOPLIST_FILE = PixabyPhotoSearch/Info.plist;
				INFOPLIST_KEY_UIApplicationSupportsIndirectInputEvents = YES;
				INFOPLIST_KEY_UILaunchStoryboardName = LaunchScreen;
				INFOPLIST_KEY_UIMainStoryboardFile = Main;
				INFOPLIST_KEY_UISupportedInterfaceOrientations_iPad = "UIInterfaceOrientationPortrait UIInterfaceOrientationPortraitUpsideDown UIInterfaceOrientationLandscapeLeft UIInterfaceOrientationLandscapeRight";
				INFOPLIST_KEY_UISupportedInterfaceOrientations_iPhone = "UIInterfaceOrientationPortrait UIInterfaceOrientationLandscapeLeft UIInterfaceOrientationLandscapeRight";
				LD_RUNPATH_SEARCH_PATHS = (
					"$(inherited)",
					"@executable_path/Frameworks",
				);
				MARKETING_VERSION = 1.0;
				PRODUCT_BUNDLE_IDENTIFIER = SimpleType.PixabyPhotoSearch;
				PRODUCT_NAME = "$(TARGET_NAME)";
				SWIFT_EMIT_LOC_STRINGS = YES;
				SWIFT_VERSION = 5.0;
				TARGETED_DEVICE_FAMILY = "1,2";
			};
			name = Debug;
		};
		40B6F2C92993EBF300D5ABAF /* Release */ = {
			isa = XCBuildConfiguration;
			buildSettings = {
				ASSETCATALOG_COMPILER_APPICON_NAME = AppIcon;
				ASSETCATALOG_COMPILER_GLOBAL_ACCENT_COLOR_NAME = AccentColor;
				CODE_SIGN_STYLE = Automatic;
				CURRENT_PROJECT_VERSION = 1;
				DEVELOPMENT_TEAM = V23Z3P8TP3;
				GENERATE_INFOPLIST_FILE = YES;
				INFOPLIST_FILE = PixabyPhotoSearch/Info.plist;
				INFOPLIST_KEY_UIApplicationSupportsIndirectInputEvents = YES;
				INFOPLIST_KEY_UILaunchStoryboardName = LaunchScreen;
				INFOPLIST_KEY_UIMainStoryboardFile = Main;
				INFOPLIST_KEY_UISupportedInterfaceOrientations_iPad = "UIInterfaceOrientationPortrait UIInterfaceOrientationPortraitUpsideDown UIInterfaceOrientationLandscapeLeft UIInterfaceOrientationLandscapeRight";
				INFOPLIST_KEY_UISupportedInterfaceOrientations_iPhone = "UIInterfaceOrientationPortrait UIInterfaceOrientationLandscapeLeft UIInterfaceOrientationLandscapeRight";
				LD_RUNPATH_SEARCH_PATHS = (
					"$(inherited)",
					"@executable_path/Frameworks",
				);
				MARKETING_VERSION = 1.0;
				PRODUCT_BUNDLE_IDENTIFIER = SimpleType.PixabyPhotoSearch;
				PRODUCT_NAME = "$(TARGET_NAME)";
				SWIFT_EMIT_LOC_STRINGS = YES;
				SWIFT_VERSION = 5.0;
				TARGETED_DEVICE_FAMILY = "1,2";
			};
			name = Release;
		};
/* End XCBuildConfiguration section */

/* Begin XCConfigurationList section */
		40B6F2AE2993EBF200D5ABAF /* Build configuration list for PBXProject "PixabyPhotoSearch" */ = {
			isa = XCConfigurationList;
			buildConfigurations = (
				40B6F2C52993EBF300D5ABAF /* Debug */,
				40B6F2C62993EBF300D5ABAF /* Release */,
			);
			defaultConfigurationIsVisible = 0;
			defaultConfigurationName = Release;
		};
		40B6F2C72993EBF300D5ABAF /* Build configuration list for PBXNativeTarget "PixabyPhotoSearch" */ = {
			isa = XCConfigurationList;
			buildConfigurations = (
				40B6F2C82993EBF300D5ABAF /* Debug */,
				40B6F2C92993EBF300D5ABAF /* Release */,
			);
			defaultConfigurationIsVisible = 0;
			defaultConfigurationName = Release;
		};
/* End XCConfigurationList section */
	};
	rootObject = 40B6F2AB2993EBF200D5ABAF /* Project object */;
}
